
Microsoft Visual Studio Solution File, Format Version 12.00
# Visual Studio Version 16
VisualStudioVersion = 16.0.30907.101
MinimumVisualStudioVersion = 10.0.40219.1
Project("{FAE04EC0-301F-11D3-BF4B-00C04F79EFBC}") = "PasSave_BackEnd", "PasSave_BackEnd\PasSave_BackEnd.csproj", "{0C81D0AF-5BBE-4EAE-B361-92DBE1F34799}"
EndProject
Global
	GlobalSection(SolutionConfigurationPlatforms) = preSolution
		Debug|Any CPU = Debug|Any CPU
		Release|Any CPU = Release|Any CPU
	EndGlobalSection
	GlobalSection(ProjectConfigurationPlatforms) = postSolution
		{0C81D0AF-5BBE-4EAE-B361-92DBE1F34799}.Debug|Any CPU.ActiveCfg = Debug|Any CPU
		{0C81D0AF-5BBE-4EAE-B361-92DBE1F34799}.Debug|Any CPU.Build.0 = Debug|Any CPU
		{0C81D0AF-5BBE-4EAE-B361-92DBE1F34799}.Release|Any CPU.ActiveCfg = Release|Any CPU
		{0C81D0AF-5BBE-4EAE-B361-92DBE1F34799}.Release|Any CPU.Build.0 = Release|Any CPU
	EndGlobalSection
	GlobalSection(SolutionProperties) = preSolution
		HideSolutionNode = FALSE
	EndGlobalSection
	GlobalSection(ExtensibilityGlobals) = postSolution
		SolutionGuid = {FC1E1C8A-2DAC-4202-8E14-E2AEB72457E9}
	EndGlobalSection
EndGlobal
